{
  "lockfileVersion": 2,
  "configVersion": 1,
  "workspaces": {
    "": {
      "name": "example-quickstart",
      "dependencies": {
        "@cognition-ai/sdk": "0.0.1-beta.6",
      },
      "devDependencies": {
        "@types/node": "^22.10.0",
        "typescript": "^5.8.3",
      },
    },
  },
  "packages": {
    "@cognition-ai/cli-darwin-arm64": ["@cognition-ai/cli-darwin-arm64@3000.11.1", "", { "os": "darwin", "cpu": "arm64" }, "sha512-2L/mfxslt8OsUxpOpJ2B4BcKZo+glvd+S4Lp54ax+g3IOP8P3v/o7Q7WExJril4HmR7wbisZV7XS1BbRsPfMRg=="],

    "@cognition-ai/cli-darwin-x64": ["@cognition-ai/cli-darwin-x64@3000.11.1", "", { "os": "darwin", "cpu": "x64" }, "sha512-TRR2QvAmdGh7LgpyI5j9lEHWBvGmGoi1ZWLxap3DbhzH5c0OygSEVsdw72MBvGPSYGVcsf0sp3eI4A7ee1LqmA=="],

    "@cognition-ai/cli-linux-arm64": ["@cognition-ai/cli-linux-arm64@3000.11.1", "", { "os": "linux", "cpu": "arm64" }, "sha512-/LPEUTJs4cZAr3babXDJliQfKI9MoGlvj6mqo+rfoLVTsdaMbGexIl5JGSXv+N0Heuth/+IXOzLzCR1lQfERlg=="],

    "@cognition-ai/cli-linux-x64": ["@cognition-ai/cli-linux-x64@3000.11.1", "", { "os": "linux", "cpu": "x64" }, "sha512-/ccnTK4oLA0reCJBk5hgPBZYYhxjFZe1syxiHF6nr0F8uuVJiYx3OqmGsnGK5+Q+E5T5oCMnvTDPINGH/RBBKA=="],

    "@cognition-ai/cli-win32-arm64": ["@cognition-ai/cli-win32-arm64@3000.11.1", "", { "os": "win32", "cpu": "arm64" }, "sha512-5Z+0VlbVwXxaBt1fNm2O+5/5nQEw3tCMTb9PBIIcoSlmathgRy8AyZDRvPeNP8mnDFnGympvUXikZVzTW0s+5g=="],

    "@cognition-ai/cli-win32-x64": ["@cognition-ai/cli-win32-x64@3000.11.1", "", { "os": "win32", "cpu": "x64" }, "sha512-rviI5mLMr7KPMyvUtclOuSM6MoaZCdzbdrZjQy6BVlwlZZy/B5xWnsh/ORZsyvbR/b0bHWEbMRIswet7H6oPtA=="],

    "@cognition-ai/sdk": ["@cognition-ai/sdk@0.0.1-beta.6", "", { "optionalDependencies": { "@cognition-ai/cli-darwin-arm64": "^3000.11.1", "@cognition-ai/cli-darwin-x64": "^3000.11.1", "@cognition-ai/cli-linux-arm64": "^3000.11.1", "@cognition-ai/cli-linux-x64": "^3000.11.1", "@cognition-ai/cli-win32-arm64": "^3000.11.1", "@cognition-ai/cli-win32-x64": "^3000.11.1" }, "peerDependencies": { "@opentelemetry/api": "^1.9.0", "zod": "^3.24.0 || ^4.0.0", "zod-to-json-schema": "^3.24.0" }, "optionalPeers": ["@opentelemetry/api", "zod", "zod-to-json-schema"] }, "sha512-DU6SBtX8272fXK85Xv3AP3rLo4i2QimxwgwpBUnsM0of+8B3ZQRVzCE49yXGI/OKyLJPGVFz/GMAanxshLr5Bw=="],

    "@types/node": ["@types/node@22.20.2", "", { "dependencies": { "undici-types": "~6.21.0" } }, "sha512-xlvWf4Vs9n1PEVYwP1n4vvG07M6y8WgvJ2t0vbrWTmijsIHp1cS+uJ2kMIRdY3nHZK0nCYKrPeD171+SzF4/zw=="],

    "typescript": ["typescript@5.9.3", "", { "bin": { "tsc": "bin/tsc", "tsserver": "bin/tsserver" } }, "sha512-jl1vZzPDinLr9eUt3J/t7V6FgNEw9QjvBPdysz9KfQDD41fQrC2Y4vKQdiaUpFT4bXlb1RHhLpp8wtm6M5TgSw=="],

    "undici-types": ["undici-types@6.21.0", "", {}, "sha512-iwDZqg0QAGrg9Rav5H4n0M64c3mkR59cJ6wQp+7C4nI0gsmExaedaYLNO44eT4AtBBwjbTiGPMlt2Md0T9H9JQ=="],
  }
}
