{
  "lockfileVersion": 2,
  "configVersion": 1,
  "workspaces": {
    "": {
      "name": "example-anthropic-patterns",
      "dependencies": {
        "@cognition-ai/sdk": "0.0.1-beta.2",
        "zod": "^4.4.3",
      },
      "devDependencies": {
        "@types/node": "^22.10.0",
        "typescript": "^5.8.3",
      },
    },
  },
  "packages": {
    "@cognition-ai/cli-darwin-arm64": ["@cognition-ai/cli-darwin-arm64@3000.6.11", "", { "os": "darwin", "cpu": "arm64" }, "sha512-9MpZFPfBeuNPNUCsf9/F3NhM49/ccNdSvDncY5DzM9KeRff448HFAe0sr+PnK+Yn84D4cLwL7tqrgD8EAPALgg=="],

    "@cognition-ai/cli-darwin-x64": ["@cognition-ai/cli-darwin-x64@3000.6.11", "", { "os": "darwin", "cpu": "x64" }, "sha512-gA5Y47+BNIr3xeGGbowMsKYsVT2IN0+gZdOV5gGKASRnjmU10lBycUlR9fJ0UAwSGywDFFQ2uRL7dDG8VlO31Q=="],

    "@cognition-ai/cli-linux-arm64": ["@cognition-ai/cli-linux-arm64@3000.6.11", "", { "os": "linux", "cpu": "arm64" }, "sha512-1pVJCweuhowJ1mYYUhM5bswZuvQYyiqy7TivutKe5xe49GmCzQqFP1b8Ca+qw+pK5v6OO9NPEcHqGqVvhb0xtQ=="],

    "@cognition-ai/cli-linux-x64": ["@cognition-ai/cli-linux-x64@3000.6.11", "", { "os": "linux", "cpu": "x64" }, "sha512-q4oSmCGmnlOcUhJU9RyPRk7hAvR96A+uW0aggBQbRExGP4vcYeyM+V3Z6aEFWfG5PB/889V3+sRfPx3egQkYFw=="],

    "@cognition-ai/cli-win32-arm64": ["@cognition-ai/cli-win32-arm64@3000.6.11", "", { "os": "win32", "cpu": "arm64" }, "sha512-uMVulN3ar/J+hylnaRSmIliyBsH2+7f79efCgDaCmPmRZGFGxHCduh5cRukcAI1HHtOq8tFR2DOIqGRCZ7W+UA=="],

    "@cognition-ai/cli-win32-x64": ["@cognition-ai/cli-win32-x64@3000.6.11", "", { "os": "win32", "cpu": "x64" }, "sha512-yonqlGuijzojDuESbKdYjOYZWutgwggnMP2Kw4pZTr6Ozxbrj5CcmZZA0bzZrHT1xYNLOEvrgisXbru9FhL4Yg=="],

    "@cognition-ai/sdk": ["@cognition-ai/sdk@0.0.1-beta.2", "", { "optionalDependencies": { "@cognition-ai/cli-darwin-arm64": "^3000.6.11", "@cognition-ai/cli-darwin-x64": "^3000.6.11", "@cognition-ai/cli-linux-arm64": "^3000.6.11", "@cognition-ai/cli-linux-x64": "^3000.6.11", "@cognition-ai/cli-win32-arm64": "^3000.6.11", "@cognition-ai/cli-win32-x64": "^3000.6.11" }, "peerDependencies": { "zod": "^3.24.0 || ^4.0.0", "zod-to-json-schema": "^3.24.0" }, "optionalPeers": ["zod", "zod-to-json-schema"] }, "sha512-ZB1tzyY0Wud47gOvsbQspjgsrtK2USt1mYgae343emsm+ZhvYyrDdAwIBrnFJjIxORfEOViUdOGtQ/YxtkXb9A=="],

    "@types/node": ["@types/node@22.20.2", "", { "dependencies": { "undici-types": "~6.21.0" } }, "sha512-xlvWf4Vs9n1PEVYwP1n4vvG07M6y8WgvJ2t0vbrWTmijsIHp1cS+uJ2kMIRdY3nHZK0nCYKrPeD171+SzF4/zw=="],

    "typescript": ["typescript@5.9.3", "", { "bin": { "tsc": "bin/tsc", "tsserver": "bin/tsserver" } }, "sha512-jl1vZzPDinLr9eUt3J/t7V6FgNEw9QjvBPdysz9KfQDD41fQrC2Y4vKQdiaUpFT4bXlb1RHhLpp8wtm6M5TgSw=="],

    "undici-types": ["undici-types@6.21.0", "", {}, "sha512-iwDZqg0QAGrg9Rav5H4n0M64c3mkR59cJ6wQp+7C4nI0gsmExaedaYLNO44eT4AtBBwjbTiGPMlt2Md0T9H9JQ=="],

    "zod": ["zod@4.6.2", "", {}, "sha512-lh5RCAGFa1Cm2hjtNwLQhSs/AsqdWnTQaBER9fEwN/88pSh7KOtJavtBx/0VlkN/uFd61SwYmljLMDAsHlvzBQ=="],
  }
}
